
Microsoft Visual Studio Solution File, Format Version 12.00
# Visual Studio Version 17
VisualStudioVersion = 17.11.35208.52
MinimumVisualStudioVersion = 10.0.40219.1
Project("{FAE04EC0-301F-11D3-BF4B-00C04F79EFBC}") = "PrimeiroProjeto", "PrimeiroProjeto\PrimeiroProjeto.csproj", "{D19B416E-A709-4286-8212-C527D2B48404}"
EndProject
Global
	GlobalSection(SolutionConfigurationPlatforms) = preSolution
		Debug|Any CPU = Debug|Any CPU
		Release|Any CPU = Release|Any CPU
	EndGlobalSection
	GlobalSection(ProjectConfigurationPlatforms) = postSolution
		{D19B416E-A709-4286-8212-C527D2B48404}.Debug|Any CPU.ActiveCfg = Debug|Any CPU
		{D19B416E-A709-4286-8212-C527D2B48404}.Debug|Any CPU.Build.0 = Debug|Any CPU
		{D19B416E-A709-4286-8212-C527D2B48404}.Release|Any CPU.ActiveCfg = Release|Any CPU
		{D19B416E-A709-4286-8212-C527D2B48404}.Release|Any CPU.Build.0 = Release|Any CPU
	EndGlobalSection
	GlobalSection(SolutionProperties) = preSolution
		HideSolutionNode = FALSE
	EndGlobalSection
	GlobalSection(ExtensibilityGlobals) = postSolution
		SolutionGuid = {E3D47D42-20DE-4987-9216-8A738AD5B4F8}
	EndGlobalSection
EndGlobal
